# This file is generated by running "yarn install" inside your project.
# Manual changes might be lost - proceed with caution!

__metadata:
  version: 4
  cacheKey: 7

"@rainyzone/ame-ui@workspace:packages/ame-ui":
  version: 0.0.0-use.local
  resolution: "@rainyzone/ame-ui@workspace:packages/ame-ui"
  dependencies:
    "@types/react": ^16
    react: ^16.0.0
  languageName: unknown
  linkType: soft

"@types/prop-types@npm:*":
  version: 15.7.3
  resolution: "@types/prop-types@npm:15.7.3"
  checksum: bd0eab69d5120ad3784d0c9985f902653d5924707a7f2b3702a330e762dfd61b6494954cb54ad0c52b918ffd6f1e7e27c9270e4442bc15250de348596f2f60cb
  languageName: node
  linkType: hard

"@types/react@npm:^16":
  version: 16.9.53
  resolution: "@types/react@npm:16.9.53"
  dependencies:
    "@types/prop-types": "*"
    csstype: ^3.0.2
  checksum: 01c646c8f08306660441a14495e926c0362114da7813c3bc3d4d58b47590ee92274bbbff18f3fafd465a09369daa25982d68ba6628f1080120b62d40ce75ca40
  languageName: node
  linkType: hard

"ame@workspace:.":
  version: 0.0.0-use.local
  resolution: "ame@workspace:."
  dependencies:
    typescript: ^4.0.3
  languageName: unknown
  linkType: soft

"csstype@npm:^3.0.2":
  version: 3.0.4
  resolution: "csstype@npm:3.0.4"
  checksum: 90cd2ff9aced9049010c5c69470b30643761d511b4250f6ce2bbdbab23229822c325fd841be6066a94a9ba800112026e3c046be879cd44a066e8705991cdc700
  languageName: node
  linkType: hard

"js-tokens@npm:^3.0.0 || ^4.0.0":
  version: 4.0.0
  resolution: "js-tokens@npm:4.0.0"
  checksum: 1fc4e4667ac2d972aba65148b9cbf9c17566b2394d3504238d8492bbd3e68f496c657eab06b26b40b17db5cac0a34d153a12130e2d2d2bb6dc2cdc8a4764eb1b
  languageName: node
  linkType: hard

"loose-envify@npm:^1.1.0, loose-envify@npm:^1.4.0":
  version: 1.4.0
  resolution: "loose-envify@npm:1.4.0"
  dependencies:
    js-tokens: ^3.0.0 || ^4.0.0
  bin:
    loose-envify: cli.js
  checksum: 5c3b47bbe5f597a3889fb001a3a98aaea2a3fafa48089c19034de1e0121bf57dbee609d184478514d74d5c5a7e9cfa3d846343455e5123b060040d46c39e91dc
  languageName: node
  linkType: hard

"object-assign@npm:^4.1.1":
  version: 4.1.1
  resolution: "object-assign@npm:4.1.1"
  checksum: 66cf021898fc1b13ea573ea8635fbd5a76533f50cecbc2fcd5eee1e8029af41bcebe7023788b6d0e06cbe4401ecea075d972f78ec74467cdc571a0f1a4d1a081
  languageName: node
  linkType: hard

"prop-types@npm:^15.6.2":
  version: 15.7.2
  resolution: "prop-types@npm:15.7.2"
  dependencies:
    loose-envify: ^1.4.0
    object-assign: ^4.1.1
    react-is: ^16.8.1
  checksum: a440dd406c5cf53bf39f3e898d2c65178511d34ca3c8c789b30c177992408b9e4273969726b274719aa69ccce5ab34b2fd8caa60b90f23cd2e910cdcf682de52
  languageName: node
  linkType: hard

"react-is@npm:^16.8.1":
  version: 16.13.1
  resolution: "react-is@npm:16.13.1"
  checksum: 11bcf1267a314a522615f626f3ce3727a3a24cdbf61c4d452add3550a7875326669631326cfb1ba3e92b6f72244c32ffecf93ad21c0cad8455d3e169d0e3f060
  languageName: node
  linkType: hard

"react@npm:^16.0.0":
  version: 16.14.0
  resolution: "react@npm:16.14.0"
  dependencies:
    loose-envify: ^1.1.0
    object-assign: ^4.1.1
    prop-types: ^15.6.2
  checksum: 2769580b22952a52de3b5b2ea0f09cb904030b762d759739f49ab4da0b1f550e5c087ce3728c4be90f423d09481e0c075483c0c30b1ea9c549445c8b12020fd3
  languageName: node
  linkType: hard

typescript@^4.0.3:
  version: 4.0.3
  resolution: "typescript@npm:4.0.3"
  bin:
    tsc: bin/tsc
    tsserver: bin/tsserver
  checksum: 5c892e132756a83d22030d7fb38be47cde27613f71d233dbe7faf79e4a92852c5146bfddcaf8c2da1a37d35ae8bf7b8c888fdcd763d5ad184cea6b21e7466838
  languageName: node
  linkType: hard

"typescript@patch:typescript@^4.0.3#builtin<compat/typescript>":
  version: 4.0.3
  resolution: "typescript@patch:typescript@npm%3A4.0.3#builtin<compat/typescript>::version=4.0.3&hash=5bf698"
  bin:
    tsc: bin/tsc
    tsserver: bin/tsserver
  checksum: 72db87d09f728c83062d64b5e12ed52effb6278963b6bc5c006219b22c104e02b8ce80164261de554923d3c47d894a1ca937ed542328caccb83ebaedeae98a69
  languageName: node
  linkType: hard
